
Microsoft Visual Studio Solution File, Format Version 12.00
# Visual Studio 15
Project("{FAE04EC0-301F-11D3-BF4B-00C04F79EFBC}") = "Assembly-CSharp", "Assembly-CSharp.csproj", "{A92E1B8A-9AA7-C197-E358-A9BF9FD0803B}"
EndProject
Project("{FAE04EC0-301F-11D3-BF4B-00C04F79EFBC}") = "PrimeTween.Demo", "PrimeTween.Demo.csproj", "{F1DAFCD2-D6DD-230B-4791-C6676817BF24}"
EndProject
Project("{FAE04EC0-301F-11D3-BF4B-00C04F79EFBC}") = "PrimeTween.Debug", "PrimeTween.Debug.csproj", "{437DE250-47D3-B009-5FF9-9F3B91581DC4}"
EndProject
Project("{FAE04EC0-301F-11D3-BF4B-00C04F79EFBC}") = "Assembly-CSharp-firstpass", "Assembly-CSharp-firstpass.csproj", "{D04E9CAB-EAF9-A9D8-E39F-2AD2E21A61DF}"
EndProject
Project("{FAE04EC0-301F-11D3-BF4B-00C04F79EFBC}") = "com.cqf.urpvolumetricfog.runtime", "com.cqf.urpvolumetricfog.runtime.csproj", "{1C9CADAC-7404-6920-22CB-F06656C71E08}"
EndProject
Project("{FAE04EC0-301F-11D3-BF4B-00C04F79EFBC}") = "PrimeTween.Installer", "PrimeTween.Installer.csproj", "{529B974B-3673-905B-39F5-0E793CAC6702}"
EndProject
Project("{FAE04EC0-301F-11D3-BF4B-00C04F79EFBC}") = "Assembly-CSharp-Editor", "Assembly-CSharp-Editor.csproj", "{E7005266-CE6E-DD9E-B486-BB721735FEA3}"
EndProject
Global
	GlobalSection(SolutionConfigurationPlatforms) = preSolution
		Debug|Any CPU = Debug|Any CPU
		Release|Any CPU = Release|Any CPU
	EndGlobalSection
	GlobalSection(ProjectConfigurationPlatforms) = postSolution
		{A92E1B8A-9AA7-C197-E358-A9BF9FD0803B}.Debug|Any CPU.ActiveCfg = Debug|Any CPU
		{A92E1B8A-9AA7-C197-E358-A9BF9FD0803B}.Debug|Any CPU.Build.0 = Debug|Any CPU
		{A92E1B8A-9AA7-C197-E358-A9BF9FD0803B}.Release|Any CPU.ActiveCfg = Release|Any CPU
		{A92E1B8A-9AA7-C197-E358-A9BF9FD0803B}.Release|Any CPU.Build.0 = Release|Any CPU
		{F1DAFCD2-D6DD-230B-4791-C6676817BF24}.Debug|Any CPU.ActiveCfg = Debug|Any CPU
		{F1DAFCD2-D6DD-230B-4791-C6676817BF24}.Debug|Any CPU.Build.0 = Debug|Any CPU
		{F1DAFCD2-D6DD-230B-4791-C6676817BF24}.Release|Any CPU.ActiveCfg = Release|Any CPU
		{F1DAFCD2-D6DD-230B-4791-C6676817BF24}.Release|Any CPU.Build.0 = Release|Any CPU
		{437DE250-47D3-B009-5FF9-9F3B91581DC4}.Debug|Any CPU.ActiveCfg = Debug|Any CPU
		{437DE250-47D3-B009-5FF9-9F3B91581DC4}.Debug|Any CPU.Build.0 = Debug|Any CPU
		{437DE250-47D3-B009-5FF9-9F3B91581DC4}.Release|Any CPU.ActiveCfg = Release|Any CPU
		{437DE250-47D3-B009-5FF9-9F3B91581DC4}.Release|Any CPU.Build.0 = Release|Any CPU
		{D04E9CAB-EAF9-A9D8-E39F-2AD2E21A61DF}.Debug|Any CPU.ActiveCfg = Debug|Any CPU
		{D04E9CAB-EAF9-A9D8-E39F-2AD2E21A61DF}.Debug|Any CPU.Build.0 = Debug|Any CPU
		{D04E9CAB-EAF9-A9D8-E39F-2AD2E21A61DF}.Release|Any CPU.ActiveCfg = Release|Any CPU
		{D04E9CAB-EAF9-A9D8-E39F-2AD2E21A61DF}.Release|Any CPU.Build.0 = Release|Any CPU
		{1C9CADAC-7404-6920-22CB-F06656C71E08}.Debug|Any CPU.ActiveCfg = Debug|Any CPU
		{1C9CADAC-7404-6920-22CB-F06656C71E08}.Debug|Any CPU.Build.0 = Debug|Any CPU
		{1C9CADAC-7404-6920-22CB-F06656C71E08}.Release|Any CPU.ActiveCfg = Release|Any CPU
		{1C9CADAC-7404-6920-22CB-F06656C71E08}.Release|Any CPU.Build.0 = Release|Any CPU
		{529B974B-3673-905B-39F5-0E793CAC6702}.Debug|Any CPU.ActiveCfg = Debug|Any CPU
		{529B974B-3673-905B-39F5-0E793CAC6702}.Debug|Any CPU.Build.0 = Debug|Any CPU
		{529B974B-3673-905B-39F5-0E793CAC6702}.Release|Any CPU.ActiveCfg = Release|Any CPU
		{529B974B-3673-905B-39F5-0E793CAC6702}.Release|Any CPU.Build.0 = Release|Any CPU
		{E7005266-CE6E-DD9E-B486-BB721735FEA3}.Debug|Any CPU.ActiveCfg = Debug|Any CPU
		{E7005266-CE6E-DD9E-B486-BB721735FEA3}.Debug|Any CPU.Build.0 = Debug|Any CPU
		{E7005266-CE6E-DD9E-B486-BB721735FEA3}.Release|Any CPU.ActiveCfg = Release|Any CPU
		{E7005266-CE6E-DD9E-B486-BB721735FEA3}.Release|Any CPU.Build.0 = Release|Any CPU
	EndGlobalSection
	GlobalSection(SolutionProperties) = preSolution
		HideSolutionNode = FALSE
	EndGlobalSection
EndGlobal
